
Microsoft Visual Studio Solution File, Format Version 12.00
# Visual Studio Version 16
VisualStudioVersion = 25.0.1706.12
MinimumVisualStudioVersion = 10.0.40219.1
Project("{FAE04EC0-301F-11D3-BF4B-00C04F79EFBC}") = "Hangman-csc205", "Hangman-csc205.csproj", "{F9C5CD7D-D9DF-4BB2-BDD7-81CA1B428412}"
EndProject
Global
	GlobalSection(SolutionConfigurationPlatforms) = preSolution
		Debug|Any CPU = Debug|Any CPU
		Release|Any CPU = Release|Any CPU
	EndGlobalSection
	GlobalSection(ProjectConfigurationPlatforms) = postSolution
		{F9C5CD7D-D9DF-4BB2-BDD7-81CA1B428412}.Debug|Any CPU.ActiveCfg = Debug|Any CPU
		{F9C5CD7D-D9DF-4BB2-BDD7-81CA1B428412}.Debug|Any CPU.Build.0 = Debug|Any CPU
		{F9C5CD7D-D9DF-4BB2-BDD7-81CA1B428412}.Release|Any CPU.ActiveCfg = Release|Any CPU
		{F9C5CD7D-D9DF-4BB2-BDD7-81CA1B428412}.Release|Any CPU.Build.0 = Release|Any CPU
	EndGlobalSection
	GlobalSection(SolutionProperties) = preSolution
		HideSolutionNode = FALSE
	EndGlobalSection
	GlobalSection(ExtensibilityGlobals) = postSolution
		SolutionGuid = {54200AA0-0D68-4EF6-84BB-9B563265B820}
	EndGlobalSection
EndGlobal
